
Microsoft Visual Studio Solution File, Format Version 12.00
# Visual Studio Version 17
VisualStudioVersion = 17.6.33829.357
MinimumVisualStudioVersion = 10.0.40219.1
Project("{9A19103F-16F7-4668-BE54-9A1E7A4F7556}") = "CourtVillaBank.Model", "CourtVillaBank.Model\CourtVillaBank.Model.csproj", "{8B5DE7CC-2930-41E9-9A4E-9E043EFF4960}"
EndProject
Project("{9A19103F-16F7-4668-BE54-9A1E7A4F7556}") = "CourtVillaBank.Core", "CourtVillaBank.Core\CourtVillaBank.Core.csproj", "{4A97E3AA-B4F6-4210-9741-1C6D9EED6127}"
EndProject
Project("{9A19103F-16F7-4668-BE54-9A1E7A4F7556}") = "CourtVillaBank.Repository", "CourtVillaBank.Repository\CourtVillaBank.Repository.csproj", "{C5EAFFD4-DFF7-4CAC-A342-3A774AA4B8D6}"
EndProject
Project("{9A19103F-16F7-4668-BE54-9A1E7A4F7556}") = "CourtVillaBank.Utility", "CourtVillaBank.Utility\CourtVillaBank.Utility.csproj", "{4DC70465-DC7F-4C88-8516-A76830D2977C}"
EndProject
Project("{FAE04EC0-301F-11D3-BF4B-00C04F79EFBC}") = "WinFormsAppCVB", "WinFormsAppCVB\WinFormsAppCVB.csproj", "{681E75D2-9D29-4317-AF3A-54632D1B66DF}"
EndProject
Global
	GlobalSection(SolutionConfigurationPlatforms) = preSolution
		Debug|Any CPU = Debug|Any CPU
		Release|Any CPU = Release|Any CPU
	EndGlobalSection
	GlobalSection(ProjectConfigurationPlatforms) = postSolution
		{8B5DE7CC-2930-41E9-9A4E-9E043EFF4960}.Debug|Any CPU.ActiveCfg = Debug|Any CPU
		{8B5DE7CC-2930-41E9-9A4E-9E043EFF4960}.Debug|Any CPU.Build.0 = Debug|Any CPU
		{8B5DE7CC-2930-41E9-9A4E-9E043EFF4960}.Release|Any CPU.ActiveCfg = Release|Any CPU
		{8B5DE7CC-2930-41E9-9A4E-9E043EFF4960}.Release|Any CPU.Build.0 = Release|Any CPU
		{4A97E3AA-B4F6-4210-9741-1C6D9EED6127}.Debug|Any CPU.ActiveCfg = Debug|Any CPU
		{4A97E3AA-B4F6-4210-9741-1C6D9EED6127}.Debug|Any CPU.Build.0 = Debug|Any CPU
		{4A97E3AA-B4F6-4210-9741-1C6D9EED6127}.Release|Any CPU.ActiveCfg = Release|Any CPU
		{4A97E3AA-B4F6-4210-9741-1C6D9EED6127}.Release|Any CPU.Build.0 = Release|Any CPU
		{C5EAFFD4-DFF7-4CAC-A342-3A774AA4B8D6}.Debug|Any CPU.ActiveCfg = Debug|Any CPU
		{C5EAFFD4-DFF7-4CAC-A342-3A774AA4B8D6}.Debug|Any CPU.Build.0 = Debug|Any CPU
		{C5EAFFD4-DFF7-4CAC-A342-3A774AA4B8D6}.Release|Any CPU.ActiveCfg = Release|Any CPU
		{C5EAFFD4-DFF7-4CAC-A342-3A774AA4B8D6}.Release|Any CPU.Build.0 = Release|Any CPU
		{4DC70465-DC7F-4C88-8516-A76830D2977C}.Debug|Any CPU.ActiveCfg = Debug|Any CPU
		{4DC70465-DC7F-4C88-8516-A76830D2977C}.Debug|Any CPU.Build.0 = Debug|Any CPU
		{4DC70465-DC7F-4C88-8516-A76830D2977C}.Release|Any CPU.ActiveCfg = Release|Any CPU
		{4DC70465-DC7F-4C88-8516-A76830D2977C}.Release|Any CPU.Build.0 = Release|Any CPU
		{681E75D2-9D29-4317-AF3A-54632D1B66DF}.Debug|Any CPU.ActiveCfg = Debug|Any CPU
		{681E75D2-9D29-4317-AF3A-54632D1B66DF}.Debug|Any CPU.Build.0 = Debug|Any CPU
		{681E75D2-9D29-4317-AF3A-54632D1B66DF}.Release|Any CPU.ActiveCfg = Release|Any CPU
		{681E75D2-9D29-4317-AF3A-54632D1B66DF}.Release|Any CPU.Build.0 = Release|Any CPU
	EndGlobalSection
	GlobalSection(SolutionProperties) = preSolution
		HideSolutionNode = FALSE
	EndGlobalSection
	GlobalSection(ExtensibilityGlobals) = postSolution
		SolutionGuid = {BA3A52AB-DA36-4B74-92CE-9BF8169EBB3C}
	EndGlobalSection
EndGlobal
